
Microsoft Visual Studio Solution File, Format Version 12.00
# Visual Studio 14
VisualStudioVersion = 14.0.25420.1
MinimumVisualStudioVersion = 10.0.40219.1
Project("{FAE04EC0-301F-11D3-BF4B-00C04F79EFBC}") = "DelegateExample", "DelegateExample\DelegateExample.csproj", "{D5B4DEB4-4371-4735-97C2-50DF6304FB53}"
EndProject
Project("{FAE04EC0-301F-11D3-BF4B-00C04F79EFBC}") = "DelegateExampleTest", "DelegateExampleTest\DelegateExampleTest.csproj", "{DD214E79-4335-4DCC-9F1C-3BDC23163478}"
EndProject
Global
	GlobalSection(SolutionConfigurationPlatforms) = preSolution
		Debug|Any CPU = Debug|Any CPU
		Release|Any CPU = Release|Any CPU
	EndGlobalSection
	GlobalSection(ProjectConfigurationPlatforms) = postSolution
		{D5B4DEB4-4371-4735-97C2-50DF6304FB53}.Debug|Any CPU.ActiveCfg = Debug|Any CPU
		{D5B4DEB4-4371-4735-97C2-50DF6304FB53}.Debug|Any CPU.Build.0 = Debug|Any CPU
		{D5B4DEB4-4371-4735-97C2-50DF6304FB53}.Release|Any CPU.ActiveCfg = Release|Any CPU
		{D5B4DEB4-4371-4735-97C2-50DF6304FB53}.Release|Any CPU.Build.0 = Release|Any CPU
		{DD214E79-4335-4DCC-9F1C-3BDC23163478}.Debug|Any CPU.ActiveCfg = Debug|Any CPU
		{DD214E79-4335-4DCC-9F1C-3BDC23163478}.Debug|Any CPU.Build.0 = Debug|Any CPU
		{DD214E79-4335-4DCC-9F1C-3BDC23163478}.Release|Any CPU.ActiveCfg = Release|Any CPU
		{DD214E79-4335-4DCC-9F1C-3BDC23163478}.Release|Any CPU.Build.0 = Release|Any CPU
	EndGlobalSection
	GlobalSection(SolutionProperties) = preSolution
		HideSolutionNode = FALSE
	EndGlobalSection
EndGlobal
